
Microsoft Visual Studio Solution File, Format Version 12.00
# Visual Studio Version 17
VisualStudioVersion = 17.2.32616.157
MinimumVisualStudioVersion = 10.0.40219.1
Project("{FAE04EC0-301F-11D3-BF4B-00C04F79EFBC}") = "OlaMundio", "OlaMundio\OlaMundio.csproj", "{3E4307D6-9D89-45FE-A320-CF0F744612CC}"
EndProject
Global
	GlobalSection(SolutionConfigurationPlatforms) = preSolution
		Debug|Any CPU = Debug|Any CPU
		Release|Any CPU = Release|Any CPU
	EndGlobalSection
	GlobalSection(ProjectConfigurationPlatforms) = postSolution
		{3E4307D6-9D89-45FE-A320-CF0F744612CC}.Debug|Any CPU.ActiveCfg = Debug|Any CPU
		{3E4307D6-9D89-45FE-A320-CF0F744612CC}.Debug|Any CPU.Build.0 = Debug|Any CPU
		{3E4307D6-9D89-45FE-A320-CF0F744612CC}.Release|Any CPU.ActiveCfg = Release|Any CPU
		{3E4307D6-9D89-45FE-A320-CF0F744612CC}.Release|Any CPU.Build.0 = Release|Any CPU
	EndGlobalSection
	GlobalSection(SolutionProperties) = preSolution
		HideSolutionNode = FALSE
	EndGlobalSection
	GlobalSection(ExtensibilityGlobals) = postSolution
		SolutionGuid = {B687D508-48E6-471C-BDDE-B49CA7B5B3A5}
	EndGlobalSection
EndGlobal
